// !$*UTF8*$!
{
	archiveVersion = 1;
	classes = {
	};
	objectVersion = 56;
	objects = {

/* Begin PBXBuildFile section */
		5C177A7B29BA5C3100A4E9AC /* CryptoExchangeView.swift in Sources */ = {isa = PBXBuildFile; fileRef = 5C177A7A29BA5C3100A4E9AC /* CryptoExchangeView.swift */; };
		5C226C3B29BBD246005457C2 /* CryptoViewModel.swift in Sources */ = {isa = PBXBuildFile; fileRef = 5C226C3A29BBD246005457C2 /* CryptoViewModel.swift */; };
		5C2A72C729B96DBD005A9BEC /* ConversionAppView.swift in Sources */ = {isa = PBXBuildFile; fileRef = 5C2A72C629B96DBD005A9BEC /* ConversionAppView.swift */; };
		5C2ADB6329BCE09D0075F150 /* CryptoItem.swift in Sources */ = {isa = PBXBuildFile; fileRef = 5C2ADB6229BCE09D0075F150 /* CryptoItem.swift */; };
		5CFF044929B9082B00986DC3 /* CurrencyItem.swift in Sources */ = {isa = PBXBuildFile; fileRef = 5CFF044829B9082B00986DC3 /* CurrencyItem.swift */; };
		5CFF044B29B90A7B00986DC3 /* ConvertModel.swift in Sources */ = {isa = PBXBuildFile; fileRef = 5CFF044A29B90A7B00986DC3 /* ConvertModel.swift */; };
		5CFF044D29B90B6900986DC3 /* ConverterViewModel.swift in Sources */ = {isa = PBXBuildFile; fileRef = 5CFF044C29B90B6900986DC3 /* ConverterViewModel.swift */; };
		AC8A63A629B59BEC00C32694 /* Assignment2App.swift in Sources */ = {isa = PBXBuildFile; fileRef = AC8A63A529B59BEC00C32694 /* Assignment2App.swift */; };
		AC8A63A829B59BEC00C32694 /* Converter.swift in Sources */ = {isa = PBXBuildFile; fileRef = AC8A63A729B59BEC00C32694 /* Converter.swift */; };
		AC8A63AA29B59BED00C32694 /* Assets.xcassets in Resources */ = {isa = PBXBuildFile; fileRef = AC8A63A929B59BED00C32694 /* Assets.xcassets */; };
		AC8A63AD29B59BED00C32694 /* Preview Assets.xcassets in Resources */ = {isa = PBXBuildFile; fileRef = AC8A63AC29B59BED00C32694 /* Preview Assets.xcassets */; };
/* End PBXBuildFile section */

/* Begin PBXFileReference section */
		5C177A7A29BA5C3100A4E9AC /* CryptoExchangeView.swift */ = {isa = PBXFileReference; lastKnownFileType = sourcecode.swift; path = CryptoExchangeView.swift; sourceTree = "<group>"; };
		5C226C3A29BBD246005457C2 /* CryptoViewModel.swift */ = {isa = PBXFileReference; lastKnownFileType = sourcecode.swift; path = CryptoViewModel.swift; sourceTree = "<group>"; };
		5C2A72C629B96DBD005A9BEC /* ConversionAppView.swift */ = {isa = PBXFileReference; lastKnownFileType = sourcecode.swift; path = ConversionAppView.swift; sourceTree = "<group>"; };
		5C2ADB6229BCE09D0075F150 /* CryptoItem.swift */ = {isa = PBXFileReference; lastKnownFileType = sourcecode.swift; path = CryptoItem.swift; sourceTree = "<group>"; };
		5CFF044829B9082B00986DC3 /* CurrencyItem.swift */ = {isa = PBXFileReference; lastKnownFileType = sourcecode.swift; path = CurrencyItem.swift; sourceTree = "<group>"; };
		5CFF044A29B90A7B00986DC3 /* ConvertModel.swift */ = {isa = PBXFileReference; lastKnownFileType = sourcecode.swift; path = ConvertModel.swift; sourceTree = "<group>"; };
		5CFF044C29B90B6900986DC3 /* ConverterViewModel.swift */ = {isa = PBXFileReference; lastKnownFileType = sourcecode.swift; path = ConverterViewModel.swift; sourceTree = "<group>"; };
		AC8A63A229B59BEC00C32694 /* Assignment2.app */ = {isa = PBXFileReference; explicitFileType = wrapper.application; includeInIndex = 0; path = Assignment2.app; sourceTree = BUILT_PRODUCTS_DIR; };
		AC8A63A529B59BEC00C32694 /* Assignment2App.swift */ = {isa = PBXFileReference; lastKnownFileType = sourcecode.swift; path = Assignment2App.swift; sourceTree = "<group>"; };
		AC8A63A729B59BEC00C32694 /* Converter.swift */ = {isa = PBXFileReference; lastKnownFileType = sourcecode.swift; path = Converter.swift; sourceTree = "<group>"; };
		AC8A63A929B59BED00C32694 /* Assets.xcassets */ = {isa = PBXFileReference; lastKnownFileType = folder.assetcatalog; path = Assets.xcassets; sourceTree = "<group>"; };
		AC8A63AC29B59BED00C32694 /* Preview Assets.xcassets */ = {isa = PBXFileReference; lastKnownFileType = folder.assetcatalog; path = "Preview Assets.xcassets"; sourceTree = "<group>"; };
/* End PBXFileReference section */

/* Begin PBXFrameworksBuildPhase section */
		AC8A639F29B59BEC00C32694 /* Frameworks */ = {
			isa = PBXFrameworksBuildPhase;
			buildActionMask = 2147483647;
			files = (
			);
			runOnlyForDeploymentPostprocessing = 0;
		};
/* End PBXFrameworksBuildPhase section */

/* Begin PBXGroup section */
		AC8A639929B59BEC00C32694 = {
			isa = PBXGroup;
			children = (
				AC8A63A429B59BEC00C32694 /* Assignment2 */,
				AC8A63A329B59BEC00C32694 /* Products */,
			);
			sourceTree = "<group>";
		};
		AC8A63A329B59BEC00C32694 /* Products */ = {
			isa = PBXGroup;
			children = (
				AC8A63A229B59BEC00C32694 /* Assignment2.app */,
			);
			name = Products;
			sourceTree = "<group>";
		};
		AC8A63A429B59BEC00C32694 /* Assignment2 */ = {
			isa = PBXGroup;
			children = (
				AC8A63A529B59BEC00C32694 /* Assignment2App.swift */,
				5C2A72C629B96DBD005A9BEC /* ConversionAppView.swift */,
				5CFF044A29B90A7B00986DC3 /* ConvertModel.swift */,
				5CFF044829B9082B00986DC3 /* CurrencyItem.swift */,
				AC8A63A729B59BEC00C32694 /* Converter.swift */,
				5CFF044C29B90B6900986DC3 /* ConverterViewModel.swift */,
				5C2ADB6229BCE09D0075F150 /* CryptoItem.swift */,
				5C177A7A29BA5C3100A4E9AC /* CryptoExchangeView.swift */,
				5C226C3A29BBD246005457C2 /* CryptoViewModel.swift */,
				AC8A63A929B59BED00C32694 /* Assets.xcassets */,
				AC8A63AB29B59BED00C32694 /* Preview Content */,
			);
			path = Assignment2;
			sourceTree = "<group>";
		};
		AC8A63AB29B59BED00C32694 /* Preview Content */ = {
			isa = PBXGroup;
			children = (
				AC8A63AC29B59BED00C32694 /* Preview Assets.xcassets */,
			);
			path = "Preview Content";
			sourceTree = "<group>";
		};
/* End PBXGroup section */

/* Begin PBXNativeTarget section */
		AC8A63A129B59BEC00C32694 /* Assignment2 */ = {
			isa = PBXNativeTarget;
			buildConfigurationList = AC8A63B029B59BED00C32694 /* Build configuration list for PBXNativeTarget "Assignment2" */;
			buildPhases = (
				AC8A639E29B59BEC00C32694 /* Sources */,
				AC8A639F29B59BEC00C32694 /* Frameworks */,
				AC8A63A029B59BEC00C32694 /* Resources */,
			);
			buildRules = (
			);
			dependencies = (
			);
			name = Assignment2;
			productName = Assignment2;
			productReference = AC8A63A229B59BEC00C32694 /* Assignment2.app */;
			productType = "com.apple.product-type.application";
		};
/* End PBXNativeTarget section */

/* Begin PBXProject section */
		AC8A639A29B59BEC00C32694 /* Project object */ = {
			isa = PBXProject;
			attributes = {
				BuildIndependentTargetsInParallel = 1;
				LastSwiftUpdateCheck = 1420;
				LastUpgradeCheck = 1420;
				TargetAttributes = {
					AC8A63A129B59BEC00C32694 = {
						CreatedOnToolsVersion = 14.2;
					};
				};
			};
			buildConfigurationList = AC8A639D29B59BEC00C32694 /* Build configuration list for PBXProject "Assignment2" */;
			compatibilityVersion = "Xcode 14.0";
			developmentRegion = en;
			hasScannedForEncodings = 0;
			knownRegions = (
				en,
				Base,
			);
			mainGroup = AC8A639929B59BEC00C32694;
			productRefGroup = AC8A63A329B59BEC00C32694 /* Products */;
			projectDirPath = "";
			projectRoot = "";
			targets = (
				AC8A63A129B59BEC00C32694 /* Assignment2 */,
			);
		};
/* End PBXProject section */

/* Begin PBXResourcesBuildPhase section */
		AC8A63A029B59BEC00C32694 /* Resources */ = {
			isa = PBXResourcesBuildPhase;
			buildActionMask = 2147483647;
			files = (
				AC8A63AD29B59BED00C32694 /* Preview Assets.xcassets in Resources */,
				AC8A63AA29B59BED00C32694 /* Assets.xcassets in Resources */,
			);
			runOnlyForDeploymentPostprocessing = 0;
		};
/* End PBXResourcesBuildPhase section */

/* Begin PBXSourcesBuildPhase section */
		AC8A639E29B59BEC00C32694 /* Sources */ = {
			isa = PBXSourcesBuildPhase;
			buildActionMask = 2147483647;
			files = (
				AC8A63A829B59BEC00C32694 /* Converter.swift in Sources */,
				5C2ADB6329BCE09D0075F150 /* CryptoItem.swift in Sources */,
				5CFF044D29B90B6900986DC3 /* ConverterViewModel.swift in Sources */,
				5C2A72C729B96DBD005A9BEC /* ConversionAppView.swift in Sources */,
				AC8A63A629B59BEC00C32694 /* Assignment2App.swift in Sources */,
				5CFF044929B9082B00986DC3 /* CurrencyItem.swift in Sources */,
				5C226C3B29BBD246005457C2 /* CryptoViewModel.swift in Sources */,
				5CFF044B29B90A7B00986DC3 /* ConvertModel.swift in Sources */,
				5C177A7B29BA5C3100A4E9AC /* CryptoExchangeView.swift in Sources */,
			);
			runOnlyForDeploymentPostprocessing = 0;
		};
/* End PBXSourcesBuildPhase section */

/* Begin XCBuildConfiguration section */
		AC8A63AE29B59BED00C32694 /* Debug */ = {
			isa = XCBuildConfiguration;
			buildSettings = {
				ALWAYS_SEARCH_USER_PATHS = NO;
				CLANG_ANALYZER_NONNULL = YES;
				CLANG_ANALYZER_NUMBER_OBJECT_CONVERSION = YES_AGGRESSIVE;
				CLANG_CXX_LANGUAGE_STANDARD = "gnu++20";
				CLANG_ENABLE_MODULES = YES;
				CLANG_ENABLE_OBJC_ARC = YES;
				CLANG_ENABLE_OBJC_WEAK = YES;
				CLANG_WARN_BLOCK_CAPTURE_AUTORELEASING = YES;
				CLANG_WARN_BOOL_CONVERSION = YES;
				CLANG_WARN_COMMA = YES;
				CLANG_WARN_CONSTANT_CONVERSION = YES;
				CLANG_WARN_DEPRECATED_OBJC_IMPLEMENTATIONS = YES;
				CLANG_WARN_DIRECT_OBJC_ISA_USAGE = YES_ERROR;
				CLANG_WARN_DOCUMENTATION_COMMENTS = YES;
				CLANG_WARN_EMPTY_BODY = YES;
				CLANG_WARN_ENUM_CONVERSION = YES;
				CLANG_WARN_INFINITE_RECURSION = YES;
				CLANG_WARN_INT_CONVERSION = YES;
				CLANG_WARN_NON_LITERAL_NULL_CONVERSION = YES;
				CLANG_WARN_OBJC_IMPLICIT_RETAIN_SELF = YES;
				CLANG_WARN_OBJC_LITERAL_CONVERSION = YES;
				CLANG_WARN_OBJC_ROOT_CLASS = YES_ERROR;
				CLANG_WARN_QUOTED_INCLUDE_IN_FRAMEWORK_HEADER = YES;
				CLANG_WARN_RANGE_LOOP_ANALYSIS = YES;
				CLANG_WARN_STRICT_PROTOTYPES = YES;
				CLANG_WARN_SUSPICIOUS_MOVE = YES;
				CLANG_WARN_UNGUARDED_AVAILABILITY = YES_AGGRESSIVE;
				CLANG_WARN_UNREACHABLE_CODE = YES;
				CLANG_WARN__DUPLICATE_METHOD_MATCH = YES;
				COPY_PHASE_STRIP = NO;
				DEBUG_INFORMATION_FORMAT = dwarf;
				ENABLE_STRICT_OBJC_MSGSEND = YES;
				ENABLE_TESTABILITY = YES;
				GCC_C_LANGUAGE_STANDARD = gnu11;
				GCC_DYNAMIC_NO_PIC = NO;
				GCC_NO_COMMON_BLOCKS = YES;
				GCC_OPTIMIZATION_LEVEL = 0;
				GCC_PREPROCESSOR_DEFINITIONS = (
					"DEBUG=1",
					"$(inherited)",
				);
				GCC_WARN_64_TO_32_BIT_CONVERSION = YES;
				GCC_WARN_ABOUT_RETURN_TYPE = YES_ERROR;
				GCC_WARN_UNDECLARED_SELECTOR = YES;
				GCC_WARN_UNINITIALIZED_AUTOS = YES_AGGRESSIVE;
				GCC_WARN_UNUSED_FUNCTION = YES;
				GCC_WARN_UNUSED_VARIABLE = YES;
				IPHONEOS_DEPLOYMENT_TARGET = 16.2;
				MTL_ENABLE_DEBUG_INFO = INCLUDE_SOURCE;
				MTL_FAST_MATH = YES;
				ONLY_ACTIVE_ARCH = YES;
				SDKROOT = iphoneos;
				SWIFT_ACTIVE_COMPILATION_CONDITIONS = DEBUG;
				SWIFT_OPTIMIZATION_LEVEL = "-Onone";
			};
			name = Debug;
		};
		AC8A63AF29B59BED00C32694 /* Release */ = {
			isa = XCBuildConfiguration;
			buildSettings = {
				ALWAYS_SEARCH_USER_PATHS = NO;
				CLANG_ANALYZER_NONNULL = YES;
				CLANG_ANALYZER_NUMBER_OBJECT_CONVERSION = YES_AGGRESSIVE;
				CLANG_CXX_LANGUAGE_STANDARD = "gnu++20";
				CLANG_ENABLE_MODULES = YES;
				CLANG_ENABLE_OBJC_ARC = YES;
				CLANG_ENABLE_OBJC_WEAK = YES;
				CLANG_WARN_BLOCK_CAPTURE_AUTORELEASING = YES;
				CLANG_WARN_BOOL_CONVERSION = YES;
				CLANG_WARN_COMMA = YES;
				CLANG_WARN_CONSTANT_CONVERSION = YES;
				CLANG_WARN_DEPRECATED_OBJC_IMPLEMENTATIONS = YES;
				CLANG_WARN_DIRECT_OBJC_ISA_USAGE = YES_ERROR;
				CLANG_WARN_DOCUMENTATION_COMMENTS = YES;
				CLANG_WARN_EMPTY_BODY = YES;
				CLANG_WARN_ENUM_CONVERSION = YES;
				CLANG_WARN_INFINITE_RECURSION = YES;
				CLANG_WARN_INT_CONVERSION = YES;
				CLANG_WARN_NON_LITERAL_NULL_CONVERSION = YES;
				CLANG_WARN_OBJC_IMPLICIT_RETAIN_SELF = YES;
				CLANG_WARN_OBJC_LITERAL_CONVERSION = YES;
				CLANG_WARN_OBJC_ROOT_CLASS = YES_ERROR;
				CLANG_WARN_QUOTED_INCLUDE_IN_FRAMEWORK_HEADER = YES;
				CLANG_WARN_RANGE_LOOP_ANALYSIS = YES;
				CLANG_WARN_STRICT_PROTOTYPES = YES;
				CLANG_WARN_SUSPICIOUS_MOVE = YES;
				CLANG_WARN_UNGUARDED_AVAILABILITY = YES_AGGRESSIVE;
				CLANG_WARN_UNREACHABLE_CODE = YES;
				CLANG_WARN__DUPLICATE_METHOD_MATCH = YES;
				COPY_PHASE_STRIP = NO;
				DEBUG_INFORMATION_FORMAT = "dwarf-with-dsym";
				ENABLE_NS_ASSERTIONS = NO;
				ENABLE_STRICT_OBJC_MSGSEND = YES;
				GCC_C_LANGUAGE_STANDARD = gnu11;
				GCC_NO_COMMON_BLOCKS = YES;
				GCC_WARN_64_TO_32_BIT_CONVERSION = YES;
				GCC_WARN_ABOUT_RETURN_TYPE = YES_ERROR;
				GCC_WARN_UNDECLARED_SELECTOR = YES;
				GCC_WARN_UNINITIALIZED_AUTOS = YES_AGGRESSIVE;
				GCC_WARN_UNUSED_FUNCTION = YES;
				GCC_WARN_UNUSED_VARIABLE = YES;
				IPHONEOS_DEPLOYMENT_TARGET = 16.2;
				MTL_ENABLE_DEBUG_INFO = NO;
				MTL_FAST_MATH = YES;
				SDKROOT = iphoneos;
				SWIFT_COMPILATION_MODE = wholemodule;
				SWIFT_OPTIMIZATION_LEVEL = "-O";
				VALIDATE_PRODUCT = YES;
			};
			name = Release;
		};
		AC8A63B129B59BED00C32694 /* Debug */ = {
			isa = XCBuildConfiguration;
			buildSettings = {
				ASSETCATALOG_COMPILER_APPICON_NAME = AppIcon;
				ASSETCATALOG_COMPILER_GLOBAL_ACCENT_COLOR_NAME = AccentColor;
				CODE_SIGN_STYLE = Automatic;
				CURRENT_PROJECT_VERSION = 1;
				DEVELOPMENT_ASSET_PATHS = "\"Assignment2/Preview Content\"";
				ENABLE_PREVIEWS = YES;
				GENERATE_INFOPLIST_FILE = YES;
				INFOPLIST_KEY_UIApplicationSceneManifest_Generation = YES;
				INFOPLIST_KEY_UIApplicationSupportsIndirectInputEvents = YES;
				INFOPLIST_KEY_UILaunchScreen_Generation = YES;
				INFOPLIST_KEY_UISupportedInterfaceOrientations_iPad = "UIInterfaceOrientationPortrait UIInterfaceOrientationPortraitUpsideDown UIInterfaceOrientationLandscapeLeft UIInterfaceOrientationLandscapeRight";
				INFOPLIST_KEY_UISupportedInterfaceOrientations_iPhone = "UIInterfaceOrientationPortrait UIInterfaceOrientationLandscapeLeft UIInterfaceOrientationLandscapeRight";
				LD_RUNPATH_SEARCH_PATHS = (
					"$(inherited)",
					"@executable_path/Frameworks",
				);
				MARKETING_VERSION = 1.0;
				PRODUCT_BUNDLE_IDENTIFIER = edu.auburn.onlinecsse.Assignment2;
				PRODUCT_NAME = "$(TARGET_NAME)";
				SWIFT_EMIT_LOC_STRINGS = YES;
				SWIFT_VERSION = 5.0;
				TARGETED_DEVICE_FAMILY = "1,2";
			};
			name = Debug;
		};
		AC8A63B229B59BED00C32694 /* Release */ = {
			isa = XCBuildConfiguration;
			buildSettings = {
				ASSETCATALOG_COMPILER_APPICON_NAME = AppIcon;
				ASSETCATALOG_COMPILER_GLOBAL_ACCENT_COLOR_NAME = AccentColor;
				CODE_SIGN_STYLE = Automatic;
				CURRENT_PROJECT_VERSION = 1;
				DEVELOPMENT_ASSET_PATHS = "\"Assignment2/Preview Content\"";
				ENABLE_PREVIEWS = YES;
				GENERATE_INFOPLIST_FILE = YES;
				INFOPLIST_KEY_UIApplicationSceneManifest_Generation = YES;
				INFOPLIST_KEY_UIApplicationSupportsIndirectInputEvents = YES;
				INFOPLIST_KEY_UILaunchScreen_Generation = YES;
				INFOPLIST_KEY_UISupportedInterfaceOrientations_iPad = "UIInterfaceOrientationPortrait UIInterfaceOrientationPortraitUpsideDown UIInterfaceOrientationLandscapeLeft UIInterfaceOrientationLandscapeRight";
				INFOPLIST_KEY_UISupportedInterfaceOrientations_iPhone = "UIInterfaceOrientationPortrait UIInterfaceOrientationLandscapeLeft UIInterfaceOrientationLandscapeRight";
				LD_RUNPATH_SEARCH_PATHS = (
					"$(inherited)",
					"@executable_path/Frameworks",
				);
				MARKETING_VERSION = 1.0;
				PRODUCT_BUNDLE_IDENTIFIER = edu.auburn.onlinecsse.Assignment2;
				PRODUCT_NAME = "$(TARGET_NAME)";
				SWIFT_EMIT_LOC_STRINGS = YES;
				SWIFT_VERSION = 5.0;
				TARGETED_DEVICE_FAMILY = "1,2";
			};
			name = Release;
		};
/* End XCBuildConfiguration section */

/* Begin XCConfigurationList section */
		AC8A639D29B59BEC00C32694 /* Build configuration list for PBXProject "Assignment2" */ = {
			isa = XCConfigurationList;
			buildConfigurations = (
				AC8A63AE29B59BED00C32694 /* Debug */,
				AC8A63AF29B59BED00C32694 /* Release */,
			);
			defaultConfigurationIsVisible = 0;
			defaultConfigurationName = Release;
		};
		AC8A63B029B59BED00C32694 /* Build configuration list for PBXNativeTarget "Assignment2" */ = {
			isa = XCConfigurationList;
			buildConfigurations = (
				AC8A63B129B59BED00C32694 /* Debug */,
				AC8A63B229B59BED00C32694 /* Release */,
			);
			defaultConfigurationIsVisible = 0;
			defaultConfigurationName = Release;
		};
/* End XCConfigurationList section */
	};
	rootObject = AC8A639A29B59BEC00C32694 /* Project object */;
}
